
Microsoft Visual Studio Solution File, Format Version 12.00
# Visual Studio Version 17
VisualStudioVersion = 17.11.35327.3
MinimumVisualStudioVersion = 10.0.40219.1
Project("{FAE04EC0-301F-11D3-BF4B-00C04F79EFBC}") = "asp-net-playground", "asp-net-playground\asp-net-playground.csproj", "{7059F350-4B61-41BF-921F-EC6C7FFFB949}"
EndProject
Project("{FAE04EC0-301F-11D3-BF4B-00C04F79EFBC}") = "asp-net-playground.Tests", "asp-net-playground.Tests\asp-net-playground.Tests.csproj", "{2A0608E1-3C8D-4588-86F0-1F6A90BDF465}"
EndProject
Global
	GlobalSection(SolutionConfigurationPlatforms) = preSolution
		Debug|Any CPU = Debug|Any CPU
		Release|Any CPU = Release|Any CPU
	EndGlobalSection
	GlobalSection(ProjectConfigurationPlatforms) = postSolution
		{7059F350-4B61-41BF-921F-EC6C7FFFB949}.Debug|Any CPU.ActiveCfg = Debug|Any CPU
		{7059F350-4B61-41BF-921F-EC6C7FFFB949}.Debug|Any CPU.Build.0 = Debug|Any CPU
		{7059F350-4B61-41BF-921F-EC6C7FFFB949}.Release|Any CPU.ActiveCfg = Release|Any CPU
		{7059F350-4B61-41BF-921F-EC6C7FFFB949}.Release|Any CPU.Build.0 = Release|Any CPU
		{2A0608E1-3C8D-4588-86F0-1F6A90BDF465}.Debug|Any CPU.ActiveCfg = Debug|Any CPU
		{2A0608E1-3C8D-4588-86F0-1F6A90BDF465}.Debug|Any CPU.Build.0 = Debug|Any CPU
		{2A0608E1-3C8D-4588-86F0-1F6A90BDF465}.Release|Any CPU.ActiveCfg = Release|Any CPU
		{2A0608E1-3C8D-4588-86F0-1F6A90BDF465}.Release|Any CPU.Build.0 = Release|Any CPU
	EndGlobalSection
	GlobalSection(SolutionProperties) = preSolution
		HideSolutionNode = FALSE
	EndGlobalSection
	GlobalSection(ExtensibilityGlobals) = postSolution
		SolutionGuid = {41527535-3EC6-4DED-BC4A-524CA0ACB2E1}
	EndGlobalSection
EndGlobal
